// !$*UTF8*$!
{
	archiveVersion = 1;
	classes = {
	};
	objectVersion = 46;
	objects = {

/* Begin PBXBuildFile section */
		19BC1C001EA616B10042FD82 /* AppDelegate.swift in Sources */ = {isa = PBXBuildFile; fileRef = 19BC1BFF1EA616B10042FD82 /* AppDelegate.swift */; };
		19BC1C021EA616B10042FD82 /* ViewController.swift in Sources */ = {isa = PBXBuildFile; fileRef = 19BC1C011EA616B10042FD82 /* ViewController.swift */; };
		19BC1C051EA616B10042FD82 /* Main.storyboard in Resources */ = {isa = PBXBuildFile; fileRef = 19BC1C031EA616B10042FD82 /* Main.storyboard */; };
		19BC1C071EA616B10042FD82 /* Assets.xcassets in Resources */ = {isa = PBXBuildFile; fileRef = 19BC1C061EA616B10042FD82 /* Assets.xcassets */; };
		19BC1C0A1EA616B10042FD82 /* LaunchScreen.storyboard in Resources */ = {isa = PBXBuildFile; fileRef = 19BC1C081EA616B10042FD82 /* LaunchScreen.storyboard */; };
		19BC1C151EA616B20042FD82 /* SecondKadaiAppTests.swift in Sources */ = {isa = PBXBuildFile; fileRef = 19BC1C141EA616B20042FD82 /* SecondKadaiAppTests.swift */; };
		19BC1C201EA616B20042FD82 /* SecondKadaiAppUITests.swift in Sources */ = {isa = PBXBuildFile; fileRef = 19BC1C1F1EA616B20042FD82 /* SecondKadaiAppUITests.swift */; };
/* End PBXBuildFile section */

/* Begin PBXContainerItemProxy section */
		19BC1C111EA616B20042FD82 /* PBXContainerItemProxy */ = {
			isa = PBXContainerItemProxy;
			containerPortal = 19BC1BF41EA616B10042FD82 /* Project object */;
			proxyType = 1;
			remoteGlobalIDString = 19BC1BFB1EA616B10042FD82;
			remoteInfo = SecondKadaiApp;
		};
		19BC1C1C1EA616B20042FD82 /* PBXContainerItemProxy */ = {
			isa = PBXContainerItemProxy;
			containerPortal = 19BC1BF41EA616B10042FD82 /* Project object */;
			proxyType = 1;
			remoteGlobalIDString = 19BC1BFB1EA616B10042FD82;
			remoteInfo = SecondKadaiApp;
		};
/* End PBXContainerItemProxy section */

/* Begin PBXFileReference section */
		19BC1BFC1EA616B10042FD82 /* SecondKadaiApp.app */ = {isa = PBXFileReference; explicitFileType = wrapper.application; includeInIndex = 0; path = SecondKadaiApp.app; sourceTree = BUILT_PRODUCTS_DIR; };
		19BC1BFF1EA616B10042FD82 /* AppDelegate.swift */ = {isa = PBXFileReference; lastKnownFileType = sourcecode.swift; path = AppDelegate.swift; sourceTree = "<group>"; };
		19BC1C011EA616B10042FD82 /* ViewController.swift */ = {isa = PBXFileReference; lastKnownFileType = sourcecode.swift; path = ViewController.swift; sourceTree = "<group>"; };
		19BC1C041EA616B10042FD82 /* Base */ = {isa = PBXFileReference; lastKnownFileType = file.storyboard; name = Base; path = Base.lproj/Main.storyboard; sourceTree = "<group>"; };
		19BC1C061EA616B10042FD82 /* Assets.xcassets */ = {isa = PBXFileReference; lastKnownFileType = folder.assetcatalog; path = Assets.xcassets; sourceTree = "<group>"; };
		19BC1C091EA616B10042FD82 /* Base */ = {isa = PBXFileReference; lastKnownFileType = file.storyboard; name = Base; path = Base.lproj/LaunchScreen.storyboard; sourceTree = "<group>"; };
		19BC1C0B1EA616B10042FD82 /* Info.plist */ = {isa = PBXFileReference; lastKnownFileType = text.plist.xml; path = Info.plist; sourceTree = "<group>"; };
		19BC1C101EA616B20042FD82 /* SecondKadaiAppTests.xctest */ = {isa = PBXFileReference; explicitFileType = wrapper.cfbundle; includeInIndex = 0; path = SecondKadaiAppTests.xctest; sourceTree = BUILT_PRODUCTS_DIR; };
		19BC1C141EA616B20042FD82 /* SecondKadaiAppTests.swift */ = {isa = PBXFileReference; lastKnownFileType = sourcecode.swift; path = SecondKadaiAppTests.swift; sourceTree = "<group>"; };
		19BC1C161EA616B20042FD82 /* Info.plist */ = {isa = PBXFileReference; lastKnownFileType = text.plist.xml; path = Info.plist; sourceTree = "<group>"; };
		19BC1C1B1EA616B20042FD82 /* SecondKadaiAppUITests.xctest */ = {isa = PBXFileReference; explicitFileType = wrapper.cfbundle; includeInIndex = 0; path = SecondKadaiAppUITests.xctest; sourceTree = BUILT_PRODUCTS_DIR; };
		19BC1C1F1EA616B20042FD82 /* SecondKadaiAppUITests.swift */ = {isa = PBXFileReference; lastKnownFileType = sourcecode.swift; path = SecondKadaiAppUITests.swift; sourceTree = "<group>"; };
		19BC1C211EA616B20042FD82 /* Info.plist */ = {isa = PBXFileReference; lastKnownFileType = text.plist.xml; path = Info.plist; sourceTree = "<group>"; };
/* End PBXFileReference section */

/* Begin PBXFrameworksBuildPhase section */
		19BC1BF91EA616B10042FD82 /* Frameworks */ = {
			isa = PBXFrameworksBuildPhase;
			buildActionMask = 2147483647;
			files = (
			);
			runOnlyForDeploymentPostprocessing = 0;
		};
		19BC1C0D1EA616B20042FD82 /* Frameworks */ = {
			isa = PBXFrameworksBuildPhase;
			buildActionMask = 2147483647;
			files = (
			);
			runOnlyForDeploymentPostprocessing = 0;
		};
		19BC1C181EA616B20042FD82 /* Frameworks */ = {
			isa = PBXFrameworksBuildPhase;
			buildActionMask = 2147483647;
			files = (
			);
			runOnlyForDeploymentPostprocessing = 0;
		};
/* End PBXFrameworksBuildPhase section */

/* Begin PBXGroup section */
		19BC1BF31EA616B10042FD82 = {
			isa = PBXGroup;
			children = (
				19BC1BFE1EA616B10042FD82 /* SecondKadaiApp */,
				19BC1C131EA616B20042FD82 /* SecondKadaiAppTests */,
				19BC1C1E1EA616B20042FD82 /* SecondKadaiAppUITests */,
				19BC1BFD1EA616B10042FD82 /* Products */,
			);
			sourceTree = "<group>";
		};
		19BC1BFD1EA616B10042FD82 /* Products */ = {
			isa = PBXGroup;
			children = (
				19BC1BFC1EA616B10042FD82 /* SecondKadaiApp.app */,
				19BC1C101EA616B20042FD82 /* SecondKadaiAppTests.xctest */,
				19BC1C1B1EA616B20042FD82 /* SecondKadaiAppUITests.xctest */,
			);
			name = Products;
			sourceTree = "<group>";
		};
		19BC1BFE1EA616B10042FD82 /* SecondKadaiApp */ = {
			isa = PBXGroup;
			children = (
				19BC1BFF1EA616B10042FD82 /* AppDelegate.swift */,
				19BC1C011EA616B10042FD82 /* ViewController.swift */,
				19BC1C031EA616B10042FD82 /* Main.storyboard */,
				19BC1C061EA616B10042FD82 /* Assets.xcassets */,
				19BC1C081EA616B10042FD82 /* LaunchScreen.storyboard */,
				19BC1C0B1EA616B10042FD82 /* Info.plist */,
			);
			path = SecondKadaiApp;
			sourceTree = "<group>";
		};
		19BC1C131EA616B20042FD82 /* SecondKadaiAppTests */ = {
			isa = PBXGroup;
			children = (
				19BC1C141EA616B20042FD82 /* SecondKadaiAppTests.swift */,
				19BC1C161EA616B20042FD82 /* Info.plist */,
			);
			path = SecondKadaiAppTests;
			sourceTree = "<group>";
		};
		19BC1C1E1EA616B20042FD82 /* SecondKadaiAppUITests */ = {
			isa = PBXGroup;
			children = (
				19BC1C1F1EA616B20042FD82 /* SecondKadaiAppUITests.swift */,
				19BC1C211EA616B20042FD82 /* Info.plist */,
			);
			path = SecondKadaiAppUITests;
			sourceTree = "<group>";
		};
/* End PBXGroup section */

/* Begin PBXNativeTarget section */
		19BC1BFB1EA616B10042FD82 /* SecondKadaiApp */ = {
			isa = PBXNativeTarget;
			buildConfigurationList = 19BC1C241EA616B20042FD82 /* Build configuration list for PBXNativeTarget "SecondKadaiApp" */;
			buildPhases = (
				19BC1BF81EA616B10042FD82 /* Sources */,
				19BC1BF91EA616B10042FD82 /* Frameworks */,
				19BC1BFA1EA616B10042FD82 /* Resources */,
			);
			buildRules = (
			);
			dependencies = (
			);
			name = SecondKadaiApp;
			productName = SecondKadaiApp;
			productReference = 19BC1BFC1EA616B10042FD82 /* SecondKadaiApp.app */;
			productType = "com.apple.product-type.application";
		};
		19BC1C0F1EA616B20042FD82 /* SecondKadaiAppTests */ = {
			isa = PBXNativeTarget;
			buildConfigurationList = 19BC1C271EA616B20042FD82 /* Build configuration list for PBXNativeTarget "SecondKadaiAppTests" */;
			buildPhases = (
				19BC1C0C1EA616B20042FD82 /* Sources */,
				19BC1C0D1EA616B20042FD82 /* Frameworks */,
				19BC1C0E1EA616B20042FD82 /* Resources */,
			);
			buildRules = (
			);
			dependencies = (
				19BC1C121EA616B20042FD82 /* PBXTargetDependency */,
			);
			name = SecondKadaiAppTests;
			productName = SecondKadaiAppTests;
			productReference = 19BC1C101EA616B20042FD82 /* SecondKadaiAppTests.xctest */;
			productType = "com.apple.product-type.bundle.unit-test";
		};
		19BC1C1A1EA616B20042FD82 /* SecondKadaiAppUITests */ = {
			isa = PBXNativeTarget;
			buildConfigurationList = 19BC1C2A1EA616B20042FD82 /* Build configuration list for PBXNativeTarget "SecondKadaiAppUITests" */;
			buildPhases = (
				19BC1C171EA616B20042FD82 /* Sources */,
				19BC1C181EA616B20042FD82 /* Frameworks */,
				19BC1C191EA616B20042FD82 /* Resources */,
			);
			buildRules = (
			);
			dependencies = (
				19BC1C1D1EA616B20042FD82 /* PBXTargetDependency */,
			);
			name = SecondKadaiAppUITests;
			productName = SecondKadaiAppUITests;
			productReference = 19BC1C1B1EA616B20042FD82 /* SecondKadaiAppUITests.xctest */;
			productType = "com.apple.product-type.bundle.ui-testing";
		};
/* End PBXNativeTarget section */

/* Begin PBXProject section */
		19BC1BF41EA616B10042FD82 /* Project object */ = {
			isa = PBXProject;
			attributes = {
				LastSwiftUpdateCheck = 0820;
				LastUpgradeCheck = 0820;
				ORGANIZATIONNAME = hiroyuki.okinoi;
				TargetAttributes = {
					19BC1BFB1EA616B10042FD82 = {
						CreatedOnToolsVersion = 8.2.1;
						DevelopmentTeam = EGDW5FKM77;
						ProvisioningStyle = Automatic;
					};
					19BC1C0F1EA616B20042FD82 = {
						CreatedOnToolsVersion = 8.2.1;
						DevelopmentTeam = EGDW5FKM77;
						ProvisioningStyle = Automatic;
						TestTargetID = 19BC1BFB1EA616B10042FD82;
					};
					19BC1C1A1EA616B20042FD82 = {
						CreatedOnToolsVersion = 8.2.1;
						DevelopmentTeam = EGDW5FKM77;
						ProvisioningStyle = Automatic;
						TestTargetID = 19BC1BFB1EA616B10042FD82;
					};
				};
			};
			buildConfigurationList = 19BC1BF71EA616B10042FD82 /* Build configuration list for PBXProject "SecondKadaiApp" */;
			compatibilityVersion = "Xcode 3.2";
			developmentRegion = English;
			hasScannedForEncodings = 0;
			knownRegions = (
				en,
				Base,
			);
			mainGroup = 19BC1BF31EA616B10042FD82;
			productRefGroup = 19BC1BFD1EA616B10042FD82 /* Products */;
			projectDirPath = "";
			projectRoot = "";
			targets = (
				19BC1BFB1EA616B10042FD82 /* SecondKadaiApp */,
				19BC1C0F1EA616B20042FD82 /* SecondKadaiAppTests */,
				19BC1C1A1EA616B20042FD82 /* SecondKadaiAppUITests */,
			);
		};
/* End PBXProject section */

/* Begin PBXResourcesBuildPhase section */
		19BC1BFA1EA616B10042FD82 /* Resources */ = {
			isa = PBXResourcesBuildPhase;
			buildActionMask = 2147483647;
			files = (
				19BC1C0A1EA616B10042FD82 /* LaunchScreen.storyboard in Resources */,
				19BC1C071EA616B10042FD82 /* Assets.xcassets in Resources */,
				19BC1C051EA616B10042FD82 /* Main.storyboard in Resources */,
			);
			runOnlyForDeploymentPostprocessing = 0;
		};
		19BC1C0E1EA616B20042FD82 /* Resources */ = {
			isa = PBXResourcesBuildPhase;
			buildActionMask = 2147483647;
			files = (
			);
			runOnlyForDeploymentPostprocessing = 0;
		};
		19BC1C191EA616B20042FD82 /* Resources */ = {
			isa = PBXResourcesBuildPhase;
			buildActionMask = 2147483647;
			files = (
			);
			runOnlyForDeploymentPostprocessing = 0;
		};
/* End PBXResourcesBuildPhase section */

/* Begin PBXSourcesBuildPhase section */
		19BC1BF81EA616B10042FD82 /* Sources */ = {
			isa = PBXSourcesBuildPhase;
			buildActionMask = 2147483647;
			files = (
				19BC1C021EA616B10042FD82 /* ViewController.swift in Sources */,
				19BC1C001EA616B10042FD82 /* AppDelegate.swift in Sources */,
			);
			runOnlyForDeploymentPostprocessing = 0;
		};
		19BC1C0C1EA616B20042FD82 /* Sources */ = {
			isa = PBXSourcesBuildPhase;
			buildActionMask = 2147483647;
			files = (
				19BC1C151EA616B20042FD82 /* SecondKadaiAppTests.swift in Sources */,
			);
			runOnlyForDeploymentPostprocessing = 0;
		};
		19BC1C171EA616B20042FD82 /* Sources */ = {
			isa = PBXSourcesBuildPhase;
			buildActionMask = 2147483647;
			files = (
				19BC1C201EA616B20042FD82 /* SecondKadaiAppUITests.swift in Sources */,
			);
			runOnlyForDeploymentPostprocessing = 0;
		};
/* End PBXSourcesBuildPhase section */

/* Begin PBXTargetDependency section */
		19BC1C121EA616B20042FD82 /* PBXTargetDependency */ = {
			isa = PBXTargetDependency;
			target = 19BC1BFB1EA616B10042FD82 /* SecondKadaiApp */;
			targetProxy = 19BC1C111EA616B20042FD82 /* PBXContainerItemProxy */;
		};
		19BC1C1D1EA616B20042FD82 /* PBXTargetDependency */ = {
			isa = PBXTargetDependency;
			target = 19BC1BFB1EA616B10042FD82 /* SecondKadaiApp */;
			targetProxy = 19BC1C1C1EA616B20042FD82 /* PBXContainerItemProxy */;
		};
/* End PBXTargetDependency section */

/* Begin PBXVariantGroup section */
		19BC1C031EA616B10042FD82 /* Main.storyboard */ = {
			isa = PBXVariantGroup;
			children = (
				19BC1C041EA616B10042FD82 /* Base */,
			);
			name = Main.storyboard;
			sourceTree = "<group>";
		};
		19BC1C081EA616B10042FD82 /* LaunchScreen.storyboard */ = {
			isa = PBXVariantGroup;
			children = (
				19BC1C091EA616B10042FD82 /* Base */,
			);
			name = LaunchScreen.storyboard;
			sourceTree = "<group>";
		};
/* End PBXVariantGroup section */

/* Begin XCBuildConfiguration section */
		19BC1C221EA616B20042FD82 /* Debug */ = {
			isa = XCBuildConfiguration;
			buildSettings = {
				ALWAYS_SEARCH_USER_PATHS = NO;
				CLANG_ANALYZER_NONNULL = YES;
				CLANG_CXX_LANGUAGE_STANDARD = "gnu++0x";
				CLANG_CXX_LIBRARY = "libc++";
				CLANG_ENABLE_MODULES = YES;
				CLANG_ENABLE_OBJC_ARC = YES;
				CLANG_WARN_BOOL_CONVERSION = YES;
				CLANG_WARN_CONSTANT_CONVERSION = YES;
				CLANG_WARN_DIRECT_OBJC_ISA_USAGE = YES_ERROR;
				CLANG_WARN_DOCUMENTATION_COMMENTS = YES;
				CLANG_WARN_EMPTY_BODY = YES;
				CLANG_WARN_ENUM_CONVERSION = YES;
				CLANG_WARN_INFINITE_RECURSION = YES;
				CLANG_WARN_INT_CONVERSION = YES;
				CLANG_WARN_OBJC_ROOT_CLASS = YES_ERROR;
				CLANG_WARN_SUSPICIOUS_MOVE = YES;
				CLANG_WARN_UNREACHABLE_CODE = YES;
				CLANG_WARN__DUPLICATE_METHOD_MATCH = YES;
				"CODE_SIGN_IDENTITY[sdk=iphoneos*]" = "iPhone Developer";
				COPY_PHASE_STRIP = NO;
				DEBUG_INFORMATION_FORMAT = dwarf;
				ENABLE_STRICT_OBJC_MSGSEND = YES;
				ENABLE_TESTABILITY = YES;
				GCC_C_LANGUAGE_STANDARD = gnu99;
				GCC_DYNAMIC_NO_PIC = NO;
				GCC_NO_COMMON_BLOCKS = YES;
				GCC_OPTIMIZATION_LEVEL = 0;
				GCC_PREPROCESSOR_DEFINITIONS = (
					"DEBUG=1",
					"$(inherited)",
				);
				GCC_WARN_64_TO_32_BIT_CONVERSION = YES;
				GCC_WARN_ABOUT_RETURN_TYPE = YES_ERROR;
				GCC_WARN_UNDECLARED_SELECTOR = YES;
				GCC_WARN_UNINITIALIZED_AUTOS = YES_AGGRESSIVE;
				GCC_WARN_UNUSED_FUNCTION = YES;
				GCC_WARN_UNUSED_VARIABLE = YES;
				IPHONEOS_DEPLOYMENT_TARGET = 10.2;
				MTL_ENABLE_DEBUG_INFO = YES;
				ONLY_ACTIVE_ARCH = YES;
				SDKROOT = iphoneos;
				SWIFT_ACTIVE_COMPILATION_CONDITIONS = DEBUG;
				SWIFT_OPTIMIZATION_LEVEL = "-Onone";
			};
			name = Debug;
		};
		19BC1C231EA616B20042FD82 /* Release */ = {
			isa = XCBuildConfiguration;
			buildSettings = {
				ALWAYS_SEARCH_USER_PATHS = NO;
				CLANG_ANALYZER_NONNULL = YES;
				CLANG_CXX_LANGUAGE_STANDARD = "gnu++0x";
				CLANG_CXX_LIBRARY = "libc++";
				CLANG_ENABLE_MODULES = YES;
				CLANG_ENABLE_OBJC_ARC = YES;
				CLANG_WARN_BOOL_CONVERSION = YES;
				CLANG_WARN_CONSTANT_CONVERSION = YES;
				CLANG_WARN_DIRECT_OBJC_ISA_USAGE = YES_ERROR;
				CLANG_WARN_DOCUMENTATION_COMMENTS = YES;
				CLANG_WARN_EMPTY_BODY = YES;
				CLANG_WARN_ENUM_CONVERSION = YES;
				CLANG_WARN_INFINITE_RECURSION = YES;
				CLANG_WARN_INT_CONVERSION = YES;
				CLANG_WARN_OBJC_ROOT_CLASS = YES_ERROR;
				CLANG_WARN_SUSPICIOUS_MOVE = YES;
				CLANG_WARN_UNREACHABLE_CODE = YES;
				CLANG_WARN__DUPLICATE_METHOD_MATCH = YES;
				"CODE_SIGN_IDENTITY[sdk=iphoneos*]" = "iPhone Developer";
				COPY_PHASE_STRIP = NO;
				DEBUG_INFORMATION_FORMAT = "dwarf-with-dsym";
				ENABLE_NS_ASSERTIONS = NO;
				ENABLE_STRICT_OBJC_MSGSEND = YES;
				GCC_C_LANGUAGE_STANDARD = gnu99;
				GCC_NO_COMMON_BLOCKS = YES;
				GCC_WARN_64_TO_32_BIT_CONVERSION = YES;
				GCC_WARN_ABOUT_RETURN_TYPE = YES_ERROR;
				GCC_WARN_UNDECLARED_SELECTOR = YES;
				GCC_WARN_UNINITIALIZED_AUTOS = YES_AGGRESSIVE;
				GCC_WARN_UNUSED_FUNCTION = YES;
				GCC_WARN_UNUSED_VARIABLE = YES;
				IPHONEOS_DEPLOYMENT_TARGET = 10.2;
				MTL_ENABLE_DEBUG_INFO = NO;
				SDKROOT = iphoneos;
				SWIFT_OPTIMIZATION_LEVEL = "-Owholemodule";
				VALIDATE_PRODUCT = YES;
			};
			name = Release;
		};
		19BC1C251EA616B20042FD82 /* Debug */ = {
			isa = XCBuildConfiguration;
			buildSettings = {
				ASSETCATALOG_COMPILER_APPICON_NAME = AppIcon;
				DEVELOPMENT_TEAM = EGDW5FKM77;
				INFOPLIST_FILE = SecondKadaiApp/Info.plist;
				LD_RUNPATH_SEARCH_PATHS = "$(inherited) @executable_path/Frameworks";
				PRODUCT_BUNDLE_IDENTIFIER = jp.techacademy.hiroyuki.okinoi.SecondKadaiApp;
				PRODUCT_NAME = "$(TARGET_NAME)";
				SWIFT_VERSION = 3.0;
			};
			name = Debug;
		};
		19BC1C261EA616B20042FD82 /* Release */ = {
			isa = XCBuildConfiguration;
			buildSettings = {
				ASSETCATALOG_COMPILER_APPICON_NAME = AppIcon;
				DEVELOPMENT_TEAM = EGDW5FKM77;
				INFOPLIST_FILE = SecondKadaiApp/Info.plist;
				LD_RUNPATH_SEARCH_PATHS = "$(inherited) @executable_path/Frameworks";
				PRODUCT_BUNDLE_IDENTIFIER = jp.techacademy.hiroyuki.okinoi.SecondKadaiApp;
				PRODUCT_NAME = "$(TARGET_NAME)";
				SWIFT_VERSION = 3.0;
			};
			name = Release;
		};
		19BC1C281EA616B20042FD82 /* Debug */ = {
			isa = XCBuildConfiguration;
			buildSettings = {
				ALWAYS_EMBED_SWIFT_STANDARD_LIBRARIES = YES;
				BUNDLE_LOADER = "$(TEST_HOST)";
				DEVELOPMENT_TEAM = EGDW5FKM77;
				INFOPLIST_FILE = SecondKadaiAppTests/Info.plist;
				LD_RUNPATH_SEARCH_PATHS = "$(inherited) @executable_path/Frameworks @loader_path/Frameworks";
				PRODUCT_BUNDLE_IDENTIFIER = jp.techacademy.hiroyuki.okinoi.SecondKadaiAppTests;
				PRODUCT_NAME = "$(TARGET_NAME)";
				SWIFT_VERSION = 3.0;
				TEST_HOST = "$(BUILT_PRODUCTS_DIR)/SecondKadaiApp.app/SecondKadaiApp";
			};
			name = Debug;
		};
		19BC1C291EA616B20042FD82 /* Release */ = {
			isa = XCBuildConfiguration;
			buildSettings = {
				ALWAYS_EMBED_SWIFT_STANDARD_LIBRARIES = YES;
				BUNDLE_LOADER = "$(TEST_HOST)";
				DEVELOPMENT_TEAM = EGDW5FKM77;
				INFOPLIST_FILE = SecondKadaiAppTests/Info.plist;
				LD_RUNPATH_SEARCH_PATHS = "$(inherited) @executable_path/Frameworks @loader_path/Frameworks";
				PRODUCT_BUNDLE_IDENTIFIER = jp.techacademy.hiroyuki.okinoi.SecondKadaiAppTests;
				PRODUCT_NAME = "$(TARGET_NAME)";
				SWIFT_VERSION = 3.0;
				TEST_HOST = "$(BUILT_PRODUCTS_DIR)/SecondKadaiApp.app/SecondKadaiApp";
			};
			name = Release;
		};
		19BC1C2B1EA616B20042FD82 /* Debug */ = {
			isa = XCBuildConfiguration;
			buildSettings = {
				ALWAYS_EMBED_SWIFT_STANDARD_LIBRARIES = YES;
				DEVELOPMENT_TEAM = EGDW5FKM77;
				INFOPLIST_FILE = SecondKadaiAppUITests/Info.plist;
				LD_RUNPATH_SEARCH_PATHS = "$(inherited) @executable_path/Frameworks @loader_path/Frameworks";
				PRODUCT_BUNDLE_IDENTIFIER = jp.techacademy.hiroyuki.okinoi.SecondKadaiAppUITests;
				PRODUCT_NAME = "$(TARGET_NAME)";
				SWIFT_VERSION = 3.0;
				TEST_TARGET_NAME = SecondKadaiApp;
			};
			name = Debug;
		};
		19BC1C2C1EA616B20042FD82 /* Release */ = {
			isa = XCBuildConfiguration;
			buildSettings = {
				ALWAYS_EMBED_SWIFT_STANDARD_LIBRARIES = YES;
				DEVELOPMENT_TEAM = EGDW5FKM77;
				INFOPLIST_FILE = SecondKadaiAppUITests/Info.plist;
				LD_RUNPATH_SEARCH_PATHS = "$(inherited) @executable_path/Frameworks @loader_path/Frameworks";
				PRODUCT_BUNDLE_IDENTIFIER = jp.techacademy.hiroyuki.okinoi.SecondKadaiAppUITests;
				PRODUCT_NAME = "$(TARGET_NAME)";
				SWIFT_VERSION = 3.0;
				TEST_TARGET_NAME = SecondKadaiApp;
			};
			name = Release;
		};
/* End XCBuildConfiguration section */

/* Begin XCConfigurationList section */
		19BC1BF71EA616B10042FD82 /* Build configuration list for PBXProject "SecondKadaiApp" */ = {
			isa = XCConfigurationList;
			buildConfigurations = (
				19BC1C221EA616B20042FD82 /* Debug */,
				19BC1C231EA616B20042FD82 /* Release */,
			);
			defaultConfigurationIsVisible = 0;
			defaultConfigurationName = Release;
		};
		19BC1C241EA616B20042FD82 /* Build configuration list for PBXNativeTarget "SecondKadaiApp" */ = {
			isa = XCConfigurationList;
			buildConfigurations = (
				19BC1C251EA616B20042FD82 /* Debug */,
				19BC1C261EA616B20042FD82 /* Release */,
			);
			defaultConfigurationIsVisible = 0;
		};
		19BC1C271EA616B20042FD82 /* Build configuration list for PBXNativeTarget "SecondKadaiAppTests" */ = {
			isa = XCConfigurationList;
			buildConfigurations = (
				19BC1C281EA616B20042FD82 /* Debug */,
				19BC1C291EA616B20042FD82 /* Release */,
			);
			defaultConfigurationIsVisible = 0;
		};
		19BC1C2A1EA616B20042FD82 /* Build configuration list for PBXNativeTarget "SecondKadaiAppUITests" */ = {
			isa = XCConfigurationList;
			buildConfigurations = (
				19BC1C2B1EA616B20042FD82 /* Debug */,
				19BC1C2C1EA616B20042FD82 /* Release */,
			);
			defaultConfigurationIsVisible = 0;
		};
/* End XCConfigurationList section */
	};
	rootObject = 19BC1BF41EA616B10042FD82 /* Project object */;
}
